
Microsoft Visual Studio Solution File, Format Version 12.00
# Visual Studio Version 17
VisualStudioVersion = 17.9.34622.214
MinimumVisualStudioVersion = 10.0.40219.1
Project("{9A19103F-16F7-4668-BE54-9A1E7A4F7556}") = "BookXChangeApi", "BookXChangeApi.csproj", "{9A083177-8FFE-4BF8-947C-BF1CAEEA3499}"
EndProject
Project("{9A19103F-16F7-4668-BE54-9A1E7A4F7556}") = "BookXChangeBL", "BookXChangeBL\BookXChangeBL.csproj", "{837A959E-9E55-4C45-805C-9169842160A4}"
EndProject
Project("{9A19103F-16F7-4668-BE54-9A1E7A4F7556}") = "BookXChangeDB", "BookXChangeDB\BookXChangeDB.csproj", "{5E436641-0F0E-4DC1-BCD4-2BD5B923BEAD}"
EndProject
Project("{FAE04EC0-301F-11D3-BF4B-00C04F79EFBC}") = "BCXGoogle", "..\BookXChangeApi\BCXGoogle\BCXGoogle.csproj", "{89031759-669F-4A50-921E-125A808EB549}"
EndProject
Global
	GlobalSection(SolutionConfigurationPlatforms) = preSolution
		Debug|Any CPU = Debug|Any CPU
		Release|Any CPU = Release|Any CPU
	EndGlobalSection
	GlobalSection(ProjectConfigurationPlatforms) = postSolution
		{9A083177-8FFE-4BF8-947C-BF1CAEEA3499}.Debug|Any CPU.ActiveCfg = Debug|Any CPU
		{9A083177-8FFE-4BF8-947C-BF1CAEEA3499}.Debug|Any CPU.Build.0 = Debug|Any CPU
		{9A083177-8FFE-4BF8-947C-BF1CAEEA3499}.Release|Any CPU.ActiveCfg = Release|Any CPU
		{9A083177-8FFE-4BF8-947C-BF1CAEEA3499}.Release|Any CPU.Build.0 = Release|Any CPU
		{837A959E-9E55-4C45-805C-9169842160A4}.Debug|Any CPU.ActiveCfg = Debug|Any CPU
		{837A959E-9E55-4C45-805C-9169842160A4}.Debug|Any CPU.Build.0 = Debug|Any CPU
		{837A959E-9E55-4C45-805C-9169842160A4}.Release|Any CPU.ActiveCfg = Release|Any CPU
		{837A959E-9E55-4C45-805C-9169842160A4}.Release|Any CPU.Build.0 = Release|Any CPU
		{5E436641-0F0E-4DC1-BCD4-2BD5B923BEAD}.Debug|Any CPU.ActiveCfg = Debug|Any CPU
		{5E436641-0F0E-4DC1-BCD4-2BD5B923BEAD}.Debug|Any CPU.Build.0 = Debug|Any CPU
		{5E436641-0F0E-4DC1-BCD4-2BD5B923BEAD}.Release|Any CPU.ActiveCfg = Release|Any CPU
		{5E436641-0F0E-4DC1-BCD4-2BD5B923BEAD}.Release|Any CPU.Build.0 = Release|Any CPU
		{89031759-669F-4A50-921E-125A808EB549}.Debug|Any CPU.ActiveCfg = Debug|Any CPU
		{89031759-669F-4A50-921E-125A808EB549}.Debug|Any CPU.Build.0 = Debug|Any CPU
		{89031759-669F-4A50-921E-125A808EB549}.Release|Any CPU.ActiveCfg = Release|Any CPU
		{89031759-669F-4A50-921E-125A808EB549}.Release|Any CPU.Build.0 = Release|Any CPU
	EndGlobalSection
	GlobalSection(SolutionProperties) = preSolution
		HideSolutionNode = FALSE
	EndGlobalSection
	GlobalSection(ExtensibilityGlobals) = postSolution
		SolutionGuid = {3267C601-95AC-4014-AEA7-961E5BAA642B}
	EndGlobalSection
EndGlobal
